PODS:
  - ExtensibleEnumeratedName (1.0.1)
  - WolfLog (1.0.0):
    - ExtensibleEnumeratedName
    - WolfNumerics
    - WolfStrings
  - WolfNumerics (1.0.1)
  - WolfPipe (1.0.1)
  - WolfStrings (1.0.1):
    - ExtensibleEnumeratedName
    - WolfNumerics
    - WolfPipe

DEPENDENCIES:
  - WolfLog (from `../`)

SPEC REPOS:
  https://github.com/cocoapods/specs.git:
    - ExtensibleEnumeratedName
    - WolfNumerics
    - WolfPipe
    - WolfStrings

EXTERNAL SOURCES:
  WolfLog:
    :path: "../"

SPEC CHECKSUMS:
  ExtensibleEnumeratedName: 70c35288c7e34eff64b4b1da8b0c6e993013738b
  WolfLog: 49f8328af0910c7e85e0ee1846b911a8523d91a7
  WolfNumerics: 47d911caaf5350fc838b638ca47a5427b676d275
  WolfPipe: 7ddf803ae6bc9d42d34120bcce43d25940e3c791
  WolfStrings: 0691ee5c7aae7c040a6552ca97ddfa510ecccf88

PODFILE CHECKSUM: fad995fe58e31b6204c55bfeea2c6cc490f8899e

COCOAPODS: 1.6.0.beta.1
